{
  "pins" : [
    {
      "identity" : "sendbird-chat-sdk-ios",
      "kind" : "remoteSourceControl",
      "location" : "https://github.com/sendbird/sendbird-chat-sdk-ios",
      "state" : {
        "revision" : "804a9ec69fc192a48ac20903827b70346a08ff40",
        "version" : "4.6.2"
      }
    },
    {
      "identity" : "sendbird-live-sdk-ios",
      "kind" : "remoteSourceControl",
      "location" : "https://github.com/sendbird/sendbird-live-sdk-ios",
      "state" : {
        "revision" : "b8c2aaf2aab96266cf7f8e6d95cd8ed8d849a0b5",
        "version" : "1.0.0-beta.8"
      }
    },
    {
      "identity" : "sendbird-uikit-ios",
      "kind" : "remoteSourceControl",
      "location" : "https://github.com/sendbird/sendbird-uikit-ios",
      "state" : {
        "revision" : "600eab43446db8f4bc76de043651185b9b386201",
        "version" : "3.5.2"
      }
    },
    {
      "identity" : "sendbird-webrtc-ios",
      "kind" : "remoteSourceControl",
      "location" : "https://github.com/sendbird/sendbird-webrtc-ios",
      "state" : {
        "revision" : "227e831ecd4a5c35490a1357cad738aad620c698",
        "version" : "1.6.0"
      }
    }
  ],
  "version" : 2
}
