{
  "pins" : [
    {
      "identity" : "sendbird-chat-sdk-ios",
      "kind" : "remoteSourceControl",
      "location" : "https://github.com/sendbird/sendbird-chat-sdk-ios",
      "state" : {
        "revision" : "7e070e80b3b80296177b10e370d83e0f63fc9604",
        "version" : "4.1.3"
      }
    },
    {
      "identity" : "sendbird-live-sdk-ios",
      "kind" : "remoteSourceControl",
      "location" : "https://github.com/sendbird/sendbird-live-sdk-ios",
      "state" : {
        "revision" : "fe425eac8b4d75888ba6fbab39b77b85b73db3fd",
        "version" : "1.0.0-beta.4"
      }
    },
    {
      "identity" : "sendbird-uikit-ios",
      "kind" : "remoteSourceControl",
      "location" : "https://github.com/sendbird/sendbird-uikit-ios",
      "state" : {
        "revision" : "7fcbc0aa40c99e9bcf68bdb2709d9b1606bcebdb",
        "version" : "3.2.2"
      }
    },
    {
      "identity" : "sendbird-webrtc-ios",
      "kind" : "remoteSourceControl",
      "location" : "https://github.com/sendbird/sendbird-webrtc-ios",
      "state" : {
        "revision" : "227e831ecd4a5c35490a1357cad738aad620c698",
        "version" : "1.6.0"
      }
    }
  ],
  "version" : 2
}
